{
    "name": "netlify-simple-start",
    "version": "1.0.0",
    "lockfileVersion": 1,
    "requires": true,
    "dependencies": {
        "sumo-rank": {
            "version": "1.0.5",
            "resolved": "https://registry.npmjs.org/sumo-rank/-/sumo-rank-1.0.5.tgz",
            "integrity": "sha512-DDJyUxFKz64AINZv6Qba2zD8IfswiyjCyPHBbjJUkrVd8o4J5N7ttcErTFlZBcjo+2xfLpvLBZ1juaHHD1+yEw=="
        }
    }
}
